
Microsoft Visual Studio Solution File, Format Version 12.00
# Visual Studio Version 16
VisualStudioVersion = 16.0.30503.244
MinimumVisualStudioVersion = 10.0.40219.1
Project("{9A19103F-16F7-4668-BE54-9A1E7A4F7556}") = "WebApplication2", "WebApplication2\WebApplication2.csproj", "{C9FA2BFF-164E-460B-BB99-BBD83920FDE2}"
EndProject
Global
	GlobalSection(SolutionConfigurationPlatforms) = preSolution
		Debug|Any CPU = Debug|Any CPU
		Release|Any CPU = Release|Any CPU
	EndGlobalSection
	GlobalSection(ProjectConfigurationPlatforms) = postSolution
		{C9FA2BFF-164E-460B-BB99-BBD83920FDE2}.Debug|Any CPU.ActiveCfg = Debug|Any CPU
		{C9FA2BFF-164E-460B-BB99-BBD83920FDE2}.Debug|Any CPU.Build.0 = Debug|Any CPU
		{C9FA2BFF-164E-460B-BB99-BBD83920FDE2}.Release|Any CPU.ActiveCfg = Release|Any CPU
		{C9FA2BFF-164E-460B-BB99-BBD83920FDE2}.Release|Any CPU.Build.0 = Release|Any CPU
	EndGlobalSection
	GlobalSection(SolutionProperties) = preSolution
		HideSolutionNode = FALSE
	EndGlobalSection
	GlobalSection(ExtensibilityGlobals) = postSolution
		SolutionGuid = {0C5E3F5B-26C9-467C-8457-BD6CC3E17DFE}
	EndGlobalSection
EndGlobal
